# api-surface.lock — endpoints the platform actually uses (CTL-010).
# Generated by tools/extract_api_surface.py; regenerate, never hand-edit.
# path (":id" = numeric or templated segment) | consumers
# Convention: every collection implies its /:id/ detail route (the provider
# builds detail paths by concatenation), and list endpoints imply ?name=,
# ?organization=, ?page_size= filtering.

activity_stream                                                        | console
ad_hoc_commands                                                        | provider
config                                                                 | console
constructed_inventories                                                | labs,provider
credential_types                                                       | labs,provider
credentials                                                            | console,labs,provider
dashboard                                                              | console
dashboard/graphs/jobs                                                  | console
execution_environments                                                 | provider
groups                                                                 | labs,provider
hosts                                                                  | console,labs,provider
instance_groups                                                        | provider
instances                                                              | provider
inventories                                                            | console,labs,provider
inventory_updates                                                      | provider
job_templates                                                          | console,labs,provider
job_templates/:id                                                      | console,driver,labs
job_templates/:id/github                                               | labs
job_templates/:id/launch                                               | labs
job_templates/:id/webhook_key                                          | labs
jobs                                                                   | console,labs,provider
jobs/:id                                                               | labs
jobs/:id/job_host_summaries                                            | labs
jobs/:id/stdout                                                        | labs
me                                                                     | driver,labs
metrics                                                                | console
notification_templates                                                 | console,labs
openapi                                                                | console
organizations                                                          | driver,labs,provider
ping                                                                   | console,labs,provider
ping/:id                                                               | labs
project_updates                                                        | labs,provider
projects                                                               | console,driver,labs,provider
role_team_assignments                                                  | labs
role_user_assignments                                                  | labs
roles                                                                  | console,labs
roles/:id                                                              | labs
roles/:id/teams                                                        | labs
schedules                                                              | console
schedules/:id                                                          | console
schedules/preview                                                      | console
settings/ldap                                                          | labs
teams                                                                  | labs,provider
teams/:id                                                              | labs
teams/:id/users                                                        | labs
oauth2/token (gateway)                                                 | labs   # ADR-0002: minted at the gateway, not /api/v2/tokens/
unified_jobs                                                           | console
users                                                                  | console,labs,provider
workflow_approvals                                                     | console
workflow_approvals/:id                                                 | console
workflow_job_template_nodes                                            | provider
workflow_job_templates                                                 | provider
workflow_jobs                                                          | labs,provider
